PODS:
  - APIKit (3.1.1):
    - Result (~> 3.0)
  - EFInternetIndicator (0.2.0):
    - EFInternetIndicator/Interface (= 0.2.0)
    - EFInternetIndicator/Network (= 0.2.0)
  - EFInternetIndicator/Interface (0.2.0):
    - SwiftMessages
  - EFInternetIndicator/Network (0.2.0):
    - ReachabilitySwift
  - EstimoteIndoorSDK (2.5.0):
    - EstimoteSDK (~> 4.14.1)
  - EstimoteSDK (4.14.1)
  - ReachabilitySwift (3)
  - Result (3.2.2)
  - RevealingSplashView (0.2.0)
  - SwiftMessages (3.3.3)

DEPENDENCIES:
  - APIKit (~> 3.0)
  - EFInternetIndicator
  - EstimoteIndoorSDK
  - RevealingSplashView

SPEC CHECKSUMS:
  APIKit: 7460983f490d3bde6aaaaa4164d18c9865a6f91d
  EFInternetIndicator: 76219397add7b5f2388869fa4d9305d0c6af51e1
  EstimoteIndoorSDK: dda0fb62f996364eb9e913f7109484bbc010e449
  EstimoteSDK: 5ac94b0f4d923f6120b8e133b597c57b4ed13488
  ReachabilitySwift: f5b9bb30a0777fac8f09ce8b067e32faeb29bb64
  Result: 4edd39003fdccf281d418ee1b006571f70123250
  RevealingSplashView: a19962358db66188841c73afd51eb663a29f75cd
  SwiftMessages: '09cea3336e3fb63c3578983c8aac65acaa6d884a'

PODFILE CHECKSUM: 633dfe3145cfb2ccfd6945d5564be2c9e0550d1a

COCOAPODS: 1.2.1
